
Microsoft Visual Studio Solution File, Format Version 12.00
# Visual Studio Version 17
VisualStudioVersion = 17.13.35818.85 d17.13
MinimumVisualStudioVersion = 10.0.40219.1
Project("{FAE04EC0-301F-11D3-BF4B-00C04F79EFBC}") = "RoleBasedAuthorization", "RoleBasedAuthorization.csproj", "{557B3A9E-915C-419B-88EC-C45931541CEB}"
EndProject
Global
	GlobalSection(SolutionConfigurationPlatforms) = preSolution
		Debug|Any CPU = Debug|Any CPU
		Release|Any CPU = Release|Any CPU
	EndGlobalSection
	GlobalSection(ProjectConfigurationPlatforms) = postSolution
		{557B3A9E-915C-419B-88EC-C45931541CEB}.Debug|Any CPU.ActiveCfg = Debug|Any CPU
		{557B3A9E-915C-419B-88EC-C45931541CEB}.Debug|Any CPU.Build.0 = Debug|Any CPU
		{557B3A9E-915C-419B-88EC-C45931541CEB}.Release|Any CPU.ActiveCfg = Release|Any CPU
		{557B3A9E-915C-419B-88EC-C45931541CEB}.Release|Any CPU.Build.0 = Release|Any CPU
	EndGlobalSection
	GlobalSection(SolutionProperties) = preSolution
		HideSolutionNode = FALSE
	EndGlobalSection
	GlobalSection(ExtensibilityGlobals) = postSolution
		SolutionGuid = {EA2DC63A-D1F9-4802-97BF-4434BFA29BEA}
	EndGlobalSection
EndGlobal
